
Microsoft Visual Studio Solution File, Format Version 12.00
# Visual Studio 15
VisualStudioVersion = 15.0.28010.2046
MinimumVisualStudioVersion = 10.0.40219.1
Project("{FAE04EC0-301F-11D3-BF4B-00C04F79EFBC}") = "InputProcessing", "InputProcessing\InputProcessing.csproj", "{10B516DC-5BEC-4F17-A561-14195E8350AD}"
EndProject
Global
	GlobalSection(SolutionConfigurationPlatforms) = preSolution
		Debug|Any CPU = Debug|Any CPU
		Release|Any CPU = Release|Any CPU
	EndGlobalSection
	GlobalSection(ProjectConfigurationPlatforms) = postSolution
		{10B516DC-5BEC-4F17-A561-14195E8350AD}.Debug|Any CPU.ActiveCfg = Debug|Any CPU
		{10B516DC-5BEC-4F17-A561-14195E8350AD}.Debug|Any CPU.Build.0 = Debug|Any CPU
		{10B516DC-5BEC-4F17-A561-14195E8350AD}.Release|Any CPU.ActiveCfg = Release|Any CPU
		{10B516DC-5BEC-4F17-A561-14195E8350AD}.Release|Any CPU.Build.0 = Release|Any CPU
	EndGlobalSection
	GlobalSection(SolutionProperties) = preSolution
		HideSolutionNode = FALSE
	EndGlobalSection
	GlobalSection(ExtensibilityGlobals) = postSolution
		SolutionGuid = {F6D5F838-52AE-4F6F-9C35-9118988E82EB}
	EndGlobalSection
EndGlobal
